
Microsoft Visual Studio Solution File, Format Version 12.00
# Visual Studio Version 16
VisualStudioVersion = 16.0.29519.181
MinimumVisualStudioVersion = 10.0.40219.1
Project("{9A19103F-16F7-4668-BE54-9A1E7A4F7556}") = "EduTest", "EduTest\EduTest.csproj", "{CFB6741D-011A-4195-A7EE-DA1A252A2F38}"
EndProject
Project("{9A19103F-16F7-4668-BE54-9A1E7A4F7556}") = "Edu.Service", "Edu.Service\Edu.Service.csproj", "{755118F4-E304-4DE1-B425-523D502E03D6}"
EndProject
Project("{9A19103F-16F7-4668-BE54-9A1E7A4F7556}") = "Edu.Entity", "Edu.Entity\Edu.Entity.csproj", "{A01D4094-CE13-4E0E-9011-396B462EA927}"
EndProject
Project("{9A19103F-16F7-4668-BE54-9A1E7A4F7556}") = "Edu.Models", "Edu.Models\Edu.Models.csproj", "{B51E0BB6-34D6-4CA2-B4BF-6A6FF5E3223B}"
EndProject
Project("{9A19103F-16F7-4668-BE54-9A1E7A4F7556}") = "Edu.Tools", "Edu.Tools\Edu.Tools.csproj", "{AE786250-E67F-419C-B5F7-3D80E302F30F}"
EndProject
Project("{FAE04EC0-301F-11D3-BF4B-00C04F79EFBC}") = "PDFToImages", "PDFToImages\PDFToImages.csproj", "{1216A1C1-B8C1-44E9-9622-45CC84595021}"
EndProject
Project("{9A19103F-16F7-4668-BE54-9A1E7A4F7556}") = "DealOfMJR", "DealOfMJR\DealOfMJR.csproj", "{02424579-6B0B-4623-9DED-38ACDDCD6F7A}"
EndProject
Project("{FAE04EC0-301F-11D3-BF4B-00C04F79EFBC}") = "Receive", "Receive\Receive.csproj", "{BDF90EFA-4581-44AE-BCDA-5E59C63E205E}"
EndProject
Project("{FAE04EC0-301F-11D3-BF4B-00C04F79EFBC}") = "Send", "Send\Send.csproj", "{2B990CE6-1FC5-48BC-90CF-FE744ABFE4E4}"
EndProject
Global
	GlobalSection(SolutionConfigurationPlatforms) = preSolution
		Debug|Any CPU = Debug|Any CPU
		Release|Any CPU = Release|Any CPU
	EndGlobalSection
	GlobalSection(ProjectConfigurationPlatforms) = postSolution
		{CFB6741D-011A-4195-A7EE-DA1A252A2F38}.Debug|Any CPU.ActiveCfg = Debug|Any CPU
		{CFB6741D-011A-4195-A7EE-DA1A252A2F38}.Debug|Any CPU.Build.0 = Debug|Any CPU
		{CFB6741D-011A-4195-A7EE-DA1A252A2F38}.Release|Any CPU.ActiveCfg = Release|Any CPU
		{CFB6741D-011A-4195-A7EE-DA1A252A2F38}.Release|Any CPU.Build.0 = Release|Any CPU
		{755118F4-E304-4DE1-B425-523D502E03D6}.Debug|Any CPU.ActiveCfg = Debug|Any CPU
		{755118F4-E304-4DE1-B425-523D502E03D6}.Debug|Any CPU.Build.0 = Debug|Any CPU
		{755118F4-E304-4DE1-B425-523D502E03D6}.Release|Any CPU.ActiveCfg = Release|Any CPU
		{755118F4-E304-4DE1-B425-523D502E03D6}.Release|Any CPU.Build.0 = Release|Any CPU
		{A01D4094-CE13-4E0E-9011-396B462EA927}.Debug|Any CPU.ActiveCfg = Debug|Any CPU
		{A01D4094-CE13-4E0E-9011-396B462EA927}.Debug|Any CPU.Build.0 = Debug|Any CPU
		{A01D4094-CE13-4E0E-9011-396B462EA927}.Release|Any CPU.ActiveCfg = Release|Any CPU
		{A01D4094-CE13-4E0E-9011-396B462EA927}.Release|Any CPU.Build.0 = Release|Any CPU
		{B51E0BB6-34D6-4CA2-B4BF-6A6FF5E3223B}.Debug|Any CPU.ActiveCfg = Debug|Any CPU
		{B51E0BB6-34D6-4CA2-B4BF-6A6FF5E3223B}.Debug|Any CPU.Build.0 = Debug|Any CPU
		{B51E0BB6-34D6-4CA2-B4BF-6A6FF5E3223B}.Release|Any CPU.ActiveCfg = Release|Any CPU
		{B51E0BB6-34D6-4CA2-B4BF-6A6FF5E3223B}.Release|Any CPU.Build.0 = Release|Any CPU
		{AE786250-E67F-419C-B5F7-3D80E302F30F}.Debug|Any CPU.ActiveCfg = Debug|Any CPU
		{AE786250-E67F-419C-B5F7-3D80E302F30F}.Debug|Any CPU.Build.0 = Debug|Any CPU
		{AE786250-E67F-419C-B5F7-3D80E302F30F}.Release|Any CPU.ActiveCfg = Release|Any CPU
		{AE786250-E67F-419C-B5F7-3D80E302F30F}.Release|Any CPU.Build.0 = Release|Any CPU
		{1216A1C1-B8C1-44E9-9622-45CC84595021}.Debug|Any CPU.ActiveCfg = Debug|Any CPU
		{1216A1C1-B8C1-44E9-9622-45CC84595021}.Debug|Any CPU.Build.0 = Debug|Any CPU
		{1216A1C1-B8C1-44E9-9622-45CC84595021}.Release|Any CPU.ActiveCfg = Release|Any CPU
		{1216A1C1-B8C1-44E9-9622-45CC84595021}.Release|Any CPU.Build.0 = Release|Any CPU
		{02424579-6B0B-4623-9DED-38ACDDCD6F7A}.Debug|Any CPU.ActiveCfg = Debug|Any CPU
		{02424579-6B0B-4623-9DED-38ACDDCD6F7A}.Debug|Any CPU.Build.0 = Debug|Any CPU
		{02424579-6B0B-4623-9DED-38ACDDCD6F7A}.Release|Any CPU.ActiveCfg = Release|Any CPU
		{02424579-6B0B-4623-9DED-38ACDDCD6F7A}.Release|Any CPU.Build.0 = Release|Any CPU
		{BDF90EFA-4581-44AE-BCDA-5E59C63E205E}.Debug|Any CPU.ActiveCfg = Debug|Any CPU
		{BDF90EFA-4581-44AE-BCDA-5E59C63E205E}.Debug|Any CPU.Build.0 = Debug|Any CPU
		{BDF90EFA-4581-44AE-BCDA-5E59C63E205E}.Release|Any CPU.ActiveCfg = Release|Any CPU
		{BDF90EFA-4581-44AE-BCDA-5E59C63E205E}.Release|Any CPU.Build.0 = Release|Any CPU
		{2B990CE6-1FC5-48BC-90CF-FE744ABFE4E4}.Debug|Any CPU.ActiveCfg = Debug|Any CPU
		{2B990CE6-1FC5-48BC-90CF-FE744ABFE4E4}.Debug|Any CPU.Build.0 = Debug|Any CPU
		{2B990CE6-1FC5-48BC-90CF-FE744ABFE4E4}.Release|Any CPU.ActiveCfg = Release|Any CPU
		{2B990CE6-1FC5-48BC-90CF-FE744ABFE4E4}.Release|Any CPU.Build.0 = Release|Any CPU
	EndGlobalSection
	GlobalSection(SolutionProperties) = preSolution
		HideSolutionNode = FALSE
	EndGlobalSection
	GlobalSection(ExtensibilityGlobals) = postSolution
		SolutionGuid = {C8243826-BBE3-40F2-8615-6DDFB7A9725F}
	EndGlobalSection
EndGlobal
